<Solution>
  <Folder Name="/src/">
    <Project Path="src/Dimensions.Api/Dimensions.Api.csproj" />
    <Project Path="src/Dimensions.Admin.Api/Dimensions.Admin.Api.csproj" />
    <Project Path="src/Dimensions.Application/Dimensions.Application.csproj" />
    <Project Path="src/Dimensions.Contracts/Dimensions.Contracts.csproj" />
    <Project Path="src/Dimensions.Domain/Dimensions.Domain.csproj" />
    <Project Path="src/Dimensions.Infrastructure/Dimensions.Infrastructure.csproj" />
  </Folder>
  <Folder Name="/tests/">
    <Project Path="tests/Dimensions.Api.Tests/Dimensions.Api.Tests.csproj" />
    <Project Path="tests/Dimensions.Admin.Api.Tests/Dimensions.Admin.Api.Tests.csproj" />
    <Project Path="tests/Dimensions.Application.Tests/Dimensions.Application.Tests.csproj" />
  </Folder>
</Solution>
