
Microsoft Visual Studio Solution File, Format Version 12.00
# Visual Studio Version 17
VisualStudioVersion = 17.0.31903.59
MinimumVisualStudioVersion = 10.0.40219.1
Project("{2150E333-8FDC-42A3-9474-1A3956D46DE8}") = "src", "src", "{827E0CD3-B72D-47B6-A68D-7590B98EB39B}"
EndProject
Project("{FAE04EC0-301F-11D3-BF4B-00C04F79EFBC}") = "Dimensions.Admin.Api", "src\Dimensions.Admin.Api\Dimensions.Admin.Api.csproj", "{533B2146-F2B0-4401-A521-66036BB133A0}"
EndProject
Project("{FAE04EC0-301F-11D3-BF4B-00C04F79EFBC}") = "Dimensions.Application", "src\Dimensions.Application\Dimensions.Application.csproj", "{E2195A71-2F89-4E34-8F97-0AC08BB66167}"
EndProject
Project("{FAE04EC0-301F-11D3-BF4B-00C04F79EFBC}") = "Dimensions.Domain", "src\Dimensions.Domain\Dimensions.Domain.csproj", "{7A3E64AB-4A9B-47A5-A50F-10B3A5C09034}"
EndProject
Project("{FAE04EC0-301F-11D3-BF4B-00C04F79EFBC}") = "Dimensions.Contracts", "src\Dimensions.Contracts\Dimensions.Contracts.csproj", "{3766AD9F-8594-4964-B44D-634D6EF89698}"
EndProject
Project("{FAE04EC0-301F-11D3-BF4B-00C04F79EFBC}") = "Dimensions.Infrastructure", "src\Dimensions.Infrastructure\Dimensions.Infrastructure.csproj", "{E470B482-8876-490C-BFF4-C9DDB906EBFF}"
EndProject
Project("{FAE04EC0-301F-11D3-BF4B-00C04F79EFBC}") = "Dimensions.Admin.Web", "src\Dimensions.Admin.Web\Dimensions.Admin.Web.csproj", "{6A7C0889-0B33-41BC-9C35-1586324F9BD1}"
EndProject
Project("{FAE04EC0-301F-11D3-BF4B-00C04F79EFBC}") = "Dimensions.Api", "src\Dimensions.Api\Dimensions.Api.csproj", "{1030BA38-2B6D-4286-AE16-396B1B68F23B}"
EndProject
Project("{2150E333-8FDC-42A3-9474-1A3956D46DE8}") = "tests", "tests", "{0AB3BF05-4346-4AA6-1389-037BE0695223}"
EndProject
Project("{FAE04EC0-301F-11D3-BF4B-00C04F79EFBC}") = "Dimensions.Admin.Api.Tests", "tests\Dimensions.Admin.Api.Tests\Dimensions.Admin.Api.Tests.csproj", "{01068DE9-6E26-4F40-9B49-69FAFDC000F0}"
EndProject
Project("{FAE04EC0-301F-11D3-BF4B-00C04F79EFBC}") = "Dimensions.Api.Tests", "tests\Dimensions.Api.Tests\Dimensions.Api.Tests.csproj", "{A4951EFB-7D45-4E56-A5FD-6C28A56E9DC6}"
EndProject
Project("{FAE04EC0-301F-11D3-BF4B-00C04F79EFBC}") = "Dimensions.Application.Tests", "tests\Dimensions.Application.Tests\Dimensions.Application.Tests.csproj", "{8E3FF67A-2336-42C6-9DA2-01D954267134}"
EndProject
Global
	GlobalSection(SolutionConfigurationPlatforms) = preSolution
		Debug|Any CPU = Debug|Any CPU
		Debug|x64 = Debug|x64
		Debug|x86 = Debug|x86
		Release|Any CPU = Release|Any CPU
		Release|x64 = Release|x64
		Release|x86 = Release|x86
	EndGlobalSection
	GlobalSection(ProjectConfigurationPlatforms) = postSolution
		{533B2146-F2B0-4401-A521-66036BB133A0}.Debug|Any CPU.ActiveCfg = Debug|Any CPU
		{533B2146-F2B0-4401-A521-66036BB133A0}.Debug|Any CPU.Build.0 = Debug|Any CPU
		{533B2146-F2B0-4401-A521-66036BB133A0}.Debug|x64.ActiveCfg = Debug|Any CPU
		{533B2146-F2B0-4401-A521-66036BB133A0}.Debug|x64.Build.0 = Debug|Any CPU
		{533B2146-F2B0-4401-A521-66036BB133A0}.Debug|x86.ActiveCfg = Debug|Any CPU
		{533B2146-F2B0-4401-A521-66036BB133A0}.Debug|x86.Build.0 = Debug|Any CPU
		{533B2146-F2B0-4401-A521-66036BB133A0}.Release|Any CPU.ActiveCfg = Release|Any CPU
		{533B2146-F2B0-4401-A521-66036BB133A0}.Release|Any CPU.Build.0 = Release|Any CPU
		{533B2146-F2B0-4401-A521-66036BB133A0}.Release|x64.ActiveCfg = Release|Any CPU
		{533B2146-F2B0-4401-A521-66036BB133A0}.Release|x64.Build.0 = Release|Any CPU
		{533B2146-F2B0-4401-A521-66036BB133A0}.Release|x86.ActiveCfg = Release|Any CPU
		{533B2146-F2B0-4401-A521-66036BB133A0}.Release|x86.Build.0 = Release|Any CPU
		{E2195A71-2F89-4E34-8F97-0AC08BB66167}.Debug|Any CPU.ActiveCfg = Debug|Any CPU
		{E2195A71-2F89-4E34-8F97-0AC08BB66167}.Debug|Any CPU.Build.0 = Debug|Any CPU
		{E2195A71-2F89-4E34-8F97-0AC08BB66167}.Debug|x64.ActiveCfg = Debug|Any CPU
		{E2195A71-2F89-4E34-8F97-0AC08BB66167}.Debug|x64.Build.0 = Debug|Any CPU
		{E2195A71-2F89-4E34-8F97-0AC08BB66167}.Debug|x86.ActiveCfg = Debug|Any CPU
		{E2195A71-2F89-4E34-8F97-0AC08BB66167}.Debug|x86.Build.0 = Debug|Any CPU
		{E2195A71-2F89-4E34-8F97-0AC08BB66167}.Release|Any CPU.ActiveCfg = Release|Any CPU
		{E2195A71-2F89-4E34-8F97-0AC08BB66167}.Release|Any CPU.Build.0 = Release|Any CPU
		{E2195A71-2F89-4E34-8F97-0AC08BB66167}.Release|x64.ActiveCfg = Release|Any CPU
		{E2195A71-2F89-4E34-8F97-0AC08BB66167}.Release|x64.Build.0 = Release|Any CPU
		{E2195A71-2F89-4E34-8F97-0AC08BB66167}.Release|x86.ActiveCfg = Release|Any CPU
		{E2195A71-2F89-4E34-8F97-0AC08BB66167}.Release|x86.Build.0 = Release|Any CPU
		{7A3E64AB-4A9B-47A5-A50F-10B3A5C09034}.Debug|Any CPU.ActiveCfg = Debug|Any CPU
		{7A3E64AB-4A9B-47A5-A50F-10B3A5C09034}.Debug|Any CPU.Build.0 = Debug|Any CPU
		{7A3E64AB-4A9B-47A5-A50F-10B3A5C09034}.Debug|x64.ActiveCfg = Debug|Any CPU
		{7A3E64AB-4A9B-47A5-A50F-10B3A5C09034}.Debug|x64.Build.0 = Debug|Any CPU
		{7A3E64AB-4A9B-47A5-A50F-10B3A5C09034}.Debug|x86.ActiveCfg = Debug|Any CPU
		{7A3E64AB-4A9B-47A5-A50F-10B3A5C09034}.Debug|x86.Build.0 = Debug|Any CPU
		{7A3E64AB-4A9B-47A5-A50F-10B3A5C09034}.Release|Any CPU.ActiveCfg = Release|Any CPU
		{7A3E64AB-4A9B-47A5-A50F-10B3A5C09034}.Release|Any CPU.Build.0 = Release|Any CPU
		{7A3E64AB-4A9B-47A5-A50F-10B3A5C09034}.Release|x64.ActiveCfg = Release|Any CPU
		{7A3E64AB-4A9B-47A5-A50F-10B3A5C09034}.Release|x64.Build.0 = Release|Any CPU
		{7A3E64AB-4A9B-47A5-A50F-10B3A5C09034}.Release|x86.ActiveCfg = Release|Any CPU
		{7A3E64AB-4A9B-47A5-A50F-10B3A5C09034}.Release|x86.Build.0 = Release|Any CPU
		{3766AD9F-8594-4964-B44D-634D6EF89698}.Debug|Any CPU.ActiveCfg = Debug|Any CPU
		{3766AD9F-8594-4964-B44D-634D6EF89698}.Debug|Any CPU.Build.0 = Debug|Any CPU
		{3766AD9F-8594-4964-B44D-634D6EF89698}.Debug|x64.ActiveCfg = Debug|Any CPU
		{3766AD9F-8594-4964-B44D-634D6EF89698}.Debug|x64.Build.0 = Debug|Any CPU
		{3766AD9F-8594-4964-B44D-634D6EF89698}.Debug|x86.ActiveCfg = Debug|Any CPU
		{3766AD9F-8594-4964-B44D-634D6EF89698}.Debug|x86.Build.0 = Debug|Any CPU
		{3766AD9F-8594-4964-B44D-634D6EF89698}.Release|Any CPU.ActiveCfg = Release|Any CPU
		{3766AD9F-8594-4964-B44D-634D6EF89698}.Release|Any CPU.Build.0 = Release|Any CPU
		{3766AD9F-8594-4964-B44D-634D6EF89698}.Release|x64.ActiveCfg = Release|Any CPU
		{3766AD9F-8594-4964-B44D-634D6EF89698}.Release|x64.Build.0 = Release|Any CPU
		{3766AD9F-8594-4964-B44D-634D6EF89698}.Release|x86.ActiveCfg = Release|Any CPU
		{3766AD9F-8594-4964-B44D-634D6EF89698}.Release|x86.Build.0 = Release|Any CPU
		{E470B482-8876-490C-BFF4-C9DDB906EBFF}.Debug|Any CPU.ActiveCfg = Debug|Any CPU
		{E470B482-8876-490C-BFF4-C9DDB906EBFF}.Debug|Any CPU.Build.0 = Debug|Any CPU
		{E470B482-8876-490C-BFF4-C9DDB906EBFF}.Debug|x64.ActiveCfg = Debug|Any CPU
		{E470B482-8876-490C-BFF4-C9DDB906EBFF}.Debug|x64.Build.0 = Debug|Any CPU
		{E470B482-8876-490C-BFF4-C9DDB906EBFF}.Debug|x86.ActiveCfg = Debug|Any CPU
		{E470B482-8876-490C-BFF4-C9DDB906EBFF}.Debug|x86.Build.0 = Debug|Any CPU
		{E470B482-8876-490C-BFF4-C9DDB906EBFF}.Release|Any CPU.ActiveCfg = Release|Any CPU
		{E470B482-8876-490C-BFF4-C9DDB906EBFF}.Release|Any CPU.Build.0 = Release|Any CPU
		{E470B482-8876-490C-BFF4-C9DDB906EBFF}.Release|x64.ActiveCfg = Release|Any CPU
		{E470B482-8876-490C-BFF4-C9DDB906EBFF}.Release|x64.Build.0 = Release|Any CPU
		{E470B482-8876-490C-BFF4-C9DDB906EBFF}.Release|x86.ActiveCfg = Release|Any CPU
		{E470B482-8876-490C-BFF4-C9DDB906EBFF}.Release|x86.Build.0 = Release|Any CPU
		{6A7C0889-0B33-41BC-9C35-1586324F9BD1}.Debug|Any CPU.ActiveCfg = Debug|Any CPU
		{6A7C0889-0B33-41BC-9C35-1586324F9BD1}.Debug|Any CPU.Build.0 = Debug|Any CPU
		{6A7C0889-0B33-41BC-9C35-1586324F9BD1}.Debug|x64.ActiveCfg = Debug|Any CPU
		{6A7C0889-0B33-41BC-9C35-1586324F9BD1}.Debug|x64.Build.0 = Debug|Any CPU
		{6A7C0889-0B33-41BC-9C35-1586324F9BD1}.Debug|x86.ActiveCfg = Debug|Any CPU
		{6A7C0889-0B33-41BC-9C35-1586324F9BD1}.Debug|x86.Build.0 = Debug|Any CPU
		{6A7C0889-0B33-41BC-9C35-1586324F9BD1}.Release|Any CPU.ActiveCfg = Release|Any CPU
		{6A7C0889-0B33-41BC-9C35-1586324F9BD1}.Release|Any CPU.Build.0 = Release|Any CPU
		{6A7C0889-0B33-41BC-9C35-1586324F9BD1}.Release|x64.ActiveCfg = Release|Any CPU
		{6A7C0889-0B33-41BC-9C35-1586324F9BD1}.Release|x64.Build.0 = Release|Any CPU
		{6A7C0889-0B33-41BC-9C35-1586324F9BD1}.Release|x86.ActiveCfg = Release|Any CPU
		{6A7C0889-0B33-41BC-9C35-1586324F9BD1}.Release|x86.Build.0 = Release|Any CPU
		{1030BA38-2B6D-4286-AE16-396B1B68F23B}.Debug|Any CPU.ActiveCfg = Debug|Any CPU
		{1030BA38-2B6D-4286-AE16-396B1B68F23B}.Debug|Any CPU.Build.0 = Debug|Any CPU
		{1030BA38-2B6D-4286-AE16-396B1B68F23B}.Debug|x64.ActiveCfg = Debug|Any CPU
		{1030BA38-2B6D-4286-AE16-396B1B68F23B}.Debug|x64.Build.0 = Debug|Any CPU
		{1030BA38-2B6D-4286-AE16-396B1B68F23B}.Debug|x86.ActiveCfg = Debug|Any CPU
		{1030BA38-2B6D-4286-AE16-396B1B68F23B}.Debug|x86.Build.0 = Debug|Any CPU
		{1030BA38-2B6D-4286-AE16-396B1B68F23B}.Release|Any CPU.ActiveCfg = Release|Any CPU
		{1030BA38-2B6D-4286-AE16-396B1B68F23B}.Release|Any CPU.Build.0 = Release|Any CPU
		{1030BA38-2B6D-4286-AE16-396B1B68F23B}.Release|x64.ActiveCfg = Release|Any CPU
		{1030BA38-2B6D-4286-AE16-396B1B68F23B}.Release|x64.Build.0 = Release|Any CPU
		{1030BA38-2B6D-4286-AE16-396B1B68F23B}.Release|x86.ActiveCfg = Release|Any CPU
		{1030BA38-2B6D-4286-AE16-396B1B68F23B}.Release|x86.Build.0 = Release|Any CPU
		{01068DE9-6E26-4F40-9B49-69FAFDC000F0}.Debug|Any CPU.ActiveCfg = Debug|Any CPU
		{01068DE9-6E26-4F40-9B49-69FAFDC000F0}.Debug|Any CPU.Build.0 = Debug|Any CPU
		{01068DE9-6E26-4F40-9B49-69FAFDC000F0}.Debug|x64.ActiveCfg = Debug|Any CPU
		{01068DE9-6E26-4F40-9B49-69FAFDC000F0}.Debug|x64.Build.0 = Debug|Any CPU
		{01068DE9-6E26-4F40-9B49-69FAFDC000F0}.Debug|x86.ActiveCfg = Debug|Any CPU
		{01068DE9-6E26-4F40-9B49-69FAFDC000F0}.Debug|x86.Build.0 = Debug|Any CPU
		{01068DE9-6E26-4F40-9B49-69FAFDC000F0}.Release|Any CPU.ActiveCfg = Release|Any CPU
		{01068DE9-6E26-4F40-9B49-69FAFDC000F0}.Release|Any CPU.Build.0 = Release|Any CPU
		{01068DE9-6E26-4F40-9B49-69FAFDC000F0}.Release|x64.ActiveCfg = Release|Any CPU
		{01068DE9-6E26-4F40-9B49-69FAFDC000F0}.Release|x64.Build.0 = Release|Any CPU
		{01068DE9-6E26-4F40-9B49-69FAFDC000F0}.Release|x86.ActiveCfg = Release|Any CPU
		{01068DE9-6E26-4F40-9B49-69FAFDC000F0}.Release|x86.Build.0 = Release|Any CPU
		{A4951EFB-7D45-4E56-A5FD-6C28A56E9DC6}.Debug|Any CPU.ActiveCfg = Debug|Any CPU
		{A4951EFB-7D45-4E56-A5FD-6C28A56E9DC6}.Debug|Any CPU.Build.0 = Debug|Any CPU
		{A4951EFB-7D45-4E56-A5FD-6C28A56E9DC6}.Debug|x64.ActiveCfg = Debug|Any CPU
		{A4951EFB-7D45-4E56-A5FD-6C28A56E9DC6}.Debug|x64.Build.0 = Debug|Any CPU
		{A4951EFB-7D45-4E56-A5FD-6C28A56E9DC6}.Debug|x86.ActiveCfg = Debug|Any CPU
		{A4951EFB-7D45-4E56-A5FD-6C28A56E9DC6}.Debug|x86.Build.0 = Debug|Any CPU
		{A4951EFB-7D45-4E56-A5FD-6C28A56E9DC6}.Release|Any CPU.ActiveCfg = Release|Any CPU
		{A4951EFB-7D45-4E56-A5FD-6C28A56E9DC6}.Release|Any CPU.Build.0 = Release|Any CPU
		{A4951EFB-7D45-4E56-A5FD-6C28A56E9DC6}.Release|x64.ActiveCfg = Release|Any CPU
		{A4951EFB-7D45-4E56-A5FD-6C28A56E9DC6}.Release|x64.Build.0 = Release|Any CPU
		{A4951EFB-7D45-4E56-A5FD-6C28A56E9DC6}.Release|x86.ActiveCfg = Release|Any CPU
		{A4951EFB-7D45-4E56-A5FD-6C28A56E9DC6}.Release|x86.Build.0 = Release|Any CPU
		{8E3FF67A-2336-42C6-9DA2-01D954267134}.Debug|Any CPU.ActiveCfg = Debug|Any CPU
		{8E3FF67A-2336-42C6-9DA2-01D954267134}.Debug|Any CPU.Build.0 = Debug|Any CPU
		{8E3FF67A-2336-42C6-9DA2-01D954267134}.Debug|x64.ActiveCfg = Debug|Any CPU
		{8E3FF67A-2336-42C6-9DA2-01D954267134}.Debug|x64.Build.0 = Debug|Any CPU
		{8E3FF67A-2336-42C6-9DA2-01D954267134}.Debug|x86.ActiveCfg = Debug|Any CPU
		{8E3FF67A-2336-42C6-9DA2-01D954267134}.Debug|x86.Build.0 = Debug|Any CPU
		{8E3FF67A-2336-42C6-9DA2-01D954267134}.Release|Any CPU.ActiveCfg = Release|Any CPU
		{8E3FF67A-2336-42C6-9DA2-01D954267134}.Release|Any CPU.Build.0 = Release|Any CPU
		{8E3FF67A-2336-42C6-9DA2-01D954267134}.Release|x64.ActiveCfg = Release|Any CPU
		{8E3FF67A-2336-42C6-9DA2-01D954267134}.Release|x64.Build.0 = Release|Any CPU
		{8E3FF67A-2336-42C6-9DA2-01D954267134}.Release|x86.ActiveCfg = Release|Any CPU
		{8E3FF67A-2336-42C6-9DA2-01D954267134}.Release|x86.Build.0 = Release|Any CPU
	EndGlobalSection
	GlobalSection(SolutionProperties) = preSolution
		HideSolutionNode = FALSE
	EndGlobalSection
	GlobalSection(NestedProjects) = preSolution
		{533B2146-F2B0-4401-A521-66036BB133A0} = {827E0CD3-B72D-47B6-A68D-7590B98EB39B}
		{E2195A71-2F89-4E34-8F97-0AC08BB66167} = {827E0CD3-B72D-47B6-A68D-7590B98EB39B}
		{7A3E64AB-4A9B-47A5-A50F-10B3A5C09034} = {827E0CD3-B72D-47B6-A68D-7590B98EB39B}
		{3766AD9F-8594-4964-B44D-634D6EF89698} = {827E0CD3-B72D-47B6-A68D-7590B98EB39B}
		{E470B482-8876-490C-BFF4-C9DDB906EBFF} = {827E0CD3-B72D-47B6-A68D-7590B98EB39B}
		{6A7C0889-0B33-41BC-9C35-1586324F9BD1} = {827E0CD3-B72D-47B6-A68D-7590B98EB39B}
		{1030BA38-2B6D-4286-AE16-396B1B68F23B} = {827E0CD3-B72D-47B6-A68D-7590B98EB39B}
		{01068DE9-6E26-4F40-9B49-69FAFDC000F0} = {0AB3BF05-4346-4AA6-1389-037BE0695223}
		{A4951EFB-7D45-4E56-A5FD-6C28A56E9DC6} = {0AB3BF05-4346-4AA6-1389-037BE0695223}
		{8E3FF67A-2336-42C6-9DA2-01D954267134} = {0AB3BF05-4346-4AA6-1389-037BE0695223}
	EndGlobalSection
EndGlobal
